// !$*UTF8*$!
{
	archiveVersion = 1;
	classes = {
	};
	objectVersion = 56;
	objects = {

/* Begin PBXBuildFile section */
		3A2939CD2CA2B518004E5B7F /* AddMoodEntryView.swift in Sources */ = {isa = PBXBuildFile; fileRef = 3A2939CC2CA2B518004E5B7F /* AddMoodEntryView.swift */; };
		3A65CB382CA4632D00F36921 /* Emoji.swift in Sources */ = {isa = PBXBuildFile; fileRef = 3A65CB372CA4632D00F36921 /* Emoji.swift */; };
		3A7BCBCD2CA1633A0078816F /* User.swift in Sources */ = {isa = PBXBuildFile; fileRef = 3A7BCBCC2CA1633A0078816F /* User.swift */; };
		3A7BCBD12CA1727C0078816F /* MoodFactor.swift in Sources */ = {isa = PBXBuildFile; fileRef = 3A7BCBD02CA1727C0078816F /* MoodFactor.swift */; };
		3A7BCBD42CA18C4C0078816F /* Weather.swift in Sources */ = {isa = PBXBuildFile; fileRef = 3A7BCBD32CA18C4C0078816F /* Weather.swift */; };
		3A7BCBD82CA196350078816F /* LoginView.swift in Sources */ = {isa = PBXBuildFile; fileRef = 3A7BCBD72CA196350078816F /* LoginView.swift */; };
		3A7BCBDA2CA197020078816F /* ImageSheetProfile.swift in Sources */ = {isa = PBXBuildFile; fileRef = 3A7BCBD92CA197020078816F /* ImageSheetProfile.swift */; };
		3A7BCBDC2CA197480078816F /* SettingView.swift in Sources */ = {isa = PBXBuildFile; fileRef = 3A7BCBDB2CA197480078816F /* SettingView.swift */; };
		3A7BCBDE2CA1990D0078816F /* ProfilView.swift in Sources */ = {isa = PBXBuildFile; fileRef = 3A7BCBDD2CA1990D0078816F /* ProfilView.swift */; };
		3A7BCBE12CA19AC70078816F /* MoodEntry.swift in Sources */ = {isa = PBXBuildFile; fileRef = 3A7BCBE02CA19AC70078816F /* MoodEntry.swift */; };
		3AAB07E02CA3DE4500DAD977 /* SelectMoodFactorView.swift in Sources */ = {isa = PBXBuildFile; fileRef = 3AAB07DF2CA3DE4500DAD977 /* SelectMoodFactorView.swift */; };
		3AAB07E22CA3DE6B00DAD977 /* MoodEntryView.swift in Sources */ = {isa = PBXBuildFile; fileRef = 3AAB07E12CA3DE6B00DAD977 /* MoodEntryView.swift */; };
		3AAB07E42CA3DE8400DAD977 /* EntryDetailView..swift in Sources */ = {isa = PBXBuildFile; fileRef = 3AAB07E32CA3DE8400DAD977 /* EntryDetailView..swift */; };
		3AAB07E62CA3DE9C00DAD977 /* EntryListView.swift in Sources */ = {isa = PBXBuildFile; fileRef = 3AAB07E52CA3DE9C00DAD977 /* EntryListView.swift */; };
		3AC076202CA2D37900807FB0 /* SelectWeatherView.swift in Sources */ = {isa = PBXBuildFile; fileRef = 3AC0761F2CA2D37900807FB0 /* SelectWeatherView.swift */; };
		3AFDF5312CA47F020012EDA1 /* ColorView.swift in Sources */ = {isa = PBXBuildFile; fileRef = 3AFDF5302CA47F020012EDA1 /* ColorView.swift */; };
		3AFDF5342CA480F30012EDA1 /* BackColor.swift in Sources */ = {isa = PBXBuildFile; fileRef = 3AFDF5332CA480F30012EDA1 /* BackColor.swift */; };
		960D84C12C9DABC800FB82F1 /* Projekt01App.swift in Sources */ = {isa = PBXBuildFile; fileRef = 960D84C02C9DABC800FB82F1 /* Projekt01App.swift */; };
		960D84C32C9DABC800FB82F1 /* HomeView.swift in Sources */ = {isa = PBXBuildFile; fileRef = 960D84C22C9DABC800FB82F1 /* HomeView.swift */; };
		960D84C52C9DABCA00FB82F1 /* Assets.xcassets in Resources */ = {isa = PBXBuildFile; fileRef = 960D84C42C9DABCA00FB82F1 /* Assets.xcassets */; };
		960D84C82C9DABCA00FB82F1 /* Preview Assets.xcassets in Resources */ = {isa = PBXBuildFile; fileRef = 960D84C72C9DABCA00FB82F1 /* Preview Assets.xcassets */; };
/* End PBXBuildFile section */

/* Begin PBXFileReference section */
		3A2939CC2CA2B518004E5B7F /* AddMoodEntryView.swift */ = {isa = PBXFileReference; lastKnownFileType = sourcecode.swift; path = AddMoodEntryView.swift; sourceTree = "<group>"; };
		3A65CB372CA4632D00F36921 /* Emoji.swift */ = {isa = PBXFileReference; lastKnownFileType = sourcecode.swift; path = Emoji.swift; sourceTree = "<group>"; };
		3A7BCBCA2CA15B530078816F /* Assignment.md */ = {isa = PBXFileReference; lastKnownFileType = net.daringfireball.markdown; path = Assignment.md; sourceTree = "<group>"; };
		3A7BCBCC2CA1633A0078816F /* User.swift */ = {isa = PBXFileReference; lastKnownFileType = sourcecode.swift; path = User.swift; sourceTree = "<group>"; };
		3A7BCBD02CA1727C0078816F /* MoodFactor.swift */ = {isa = PBXFileReference; lastKnownFileType = sourcecode.swift; path = MoodFactor.swift; sourceTree = "<group>"; };
		3A7BCBD22CA184E00078816F /* Tickets.md */ = {isa = PBXFileReference; lastKnownFileType = net.daringfireball.markdown; path = Tickets.md; sourceTree = "<group>"; };
		3A7BCBD32CA18C4C0078816F /* Weather.swift */ = {isa = PBXFileReference; lastKnownFileType = sourcecode.swift; path = Weather.swift; sourceTree = "<group>"; };
		3A7BCBD72CA196350078816F /* LoginView.swift */ = {isa = PBXFileReference; lastKnownFileType = sourcecode.swift; path = LoginView.swift; sourceTree = "<group>"; };
		3A7BCBD92CA197020078816F /* ImageSheetProfile.swift */ = {isa = PBXFileReference; lastKnownFileType = sourcecode.swift; path = ImageSheetProfile.swift; sourceTree = "<group>"; };
		3A7BCBDB2CA197480078816F /* SettingView.swift */ = {isa = PBXFileReference; lastKnownFileType = sourcecode.swift; path = SettingView.swift; sourceTree = "<group>"; };
		3A7BCBDD2CA1990D0078816F /* ProfilView.swift */ = {isa = PBXFileReference; lastKnownFileType = sourcecode.swift; path = ProfilView.swift; sourceTree = "<group>"; };
		3A7BCBE02CA19AC70078816F /* MoodEntry.swift */ = {isa = PBXFileReference; lastKnownFileType = sourcecode.swift; path = MoodEntry.swift; sourceTree = "<group>"; };
		3AAB07DF2CA3DE4500DAD977 /* SelectMoodFactorView.swift */ = {isa = PBXFileReference; lastKnownFileType = sourcecode.swift; path = SelectMoodFactorView.swift; sourceTree = "<group>"; };
		3AAB07E12CA3DE6B00DAD977 /* MoodEntryView.swift */ = {isa = PBXFileReference; lastKnownFileType = sourcecode.swift; path = MoodEntryView.swift; sourceTree = "<group>"; };
		3AAB07E32CA3DE8400DAD977 /* EntryDetailView..swift */ = {isa = PBXFileReference; lastKnownFileType = sourcecode.swift; path = EntryDetailView..swift; sourceTree = "<group>"; };
		3AAB07E52CA3DE9C00DAD977 /* EntryListView.swift */ = {isa = PBXFileReference; lastKnownFileType = sourcecode.swift; path = EntryListView.swift; sourceTree = "<group>"; };
		3AC0761F2CA2D37900807FB0 /* SelectWeatherView.swift */ = {isa = PBXFileReference; lastKnownFileType = sourcecode.swift; path = SelectWeatherView.swift; sourceTree = "<group>"; };
		3AFDF5302CA47F020012EDA1 /* ColorView.swift */ = {isa = PBXFileReference; lastKnownFileType = sourcecode.swift; path = ColorView.swift; sourceTree = "<group>"; };
		3AFDF5332CA480F30012EDA1 /* BackColor.swift */ = {isa = PBXFileReference; lastKnownFileType = sourcecode.swift; path = BackColor.swift; sourceTree = "<group>"; };
		960D84BD2C9DABC800FB82F1 /* Projekt01.app */ = {isa = PBXFileReference; explicitFileType = wrapper.application; includeInIndex = 0; path = Projekt01.app; sourceTree = BUILT_PRODUCTS_DIR; };
		960D84C02C9DABC800FB82F1 /* Projekt01App.swift */ = {isa = PBXFileReference; lastKnownFileType = sourcecode.swift; path = Projekt01App.swift; sourceTree = "<group>"; };
		960D84C22C9DABC800FB82F1 /* HomeView.swift */ = {isa = PBXFileReference; lastKnownFileType = sourcecode.swift; path = HomeView.swift; sourceTree = "<group>"; };
		960D84C42C9DABCA00FB82F1 /* Assets.xcassets */ = {isa = PBXFileReference; lastKnownFileType = folder.assetcatalog; path = Assets.xcassets; sourceTree = "<group>"; };
		960D84C72C9DABCA00FB82F1 /* Preview Assets.xcassets */ = {isa = PBXFileReference; lastKnownFileType = folder.assetcatalog; path = "Preview Assets.xcassets"; sourceTree = "<group>"; };
/* End PBXFileReference section */

/* Begin PBXFrameworksBuildPhase section */
		960D84BA2C9DABC800FB82F1 /* Frameworks */ = {
			isa = PBXFrameworksBuildPhase;
			buildActionMask = 2147483647;
			files = (
			);
			runOnlyForDeploymentPostprocessing = 0;
		};
/* End PBXFrameworksBuildPhase section */

/* Begin PBXGroup section */
		3A7BCBCB2CA1630F0078816F /* Models */ = {
			isa = PBXGroup;
			children = (
				3A7BCBCC2CA1633A0078816F /* User.swift */,
				3A7BCBE02CA19AC70078816F /* MoodEntry.swift */,
				3A7BCBD02CA1727C0078816F /* MoodFactor.swift */,
				3A7BCBD32CA18C4C0078816F /* Weather.swift */,
				3A65CB372CA4632D00F36921 /* Emoji.swift */,
			);
			path = Models;
			sourceTree = "<group>";
		};
		3A7BCBDF2CA199580078816F /* Comments */ = {
			isa = PBXGroup;
			children = (
				3A7BCBDB2CA197480078816F /* SettingView.swift */,
			);
			path = Comments;
			sourceTree = "<group>";
		};
		3AA466E52CA2B39000DD243C /* Views */ = {
			isa = PBXGroup;
			children = (
				3A7BCBD72CA196350078816F /* LoginView.swift */,
				3A7BCBDD2CA1990D0078816F /* ProfilView.swift */,
				3A7BCBD92CA197020078816F /* ImageSheetProfile.swift */,
				3A2939CC2CA2B518004E5B7F /* AddMoodEntryView.swift */,
				3AC0761F2CA2D37900807FB0 /* SelectWeatherView.swift */,
				3AAB07DF2CA3DE4500DAD977 /* SelectMoodFactorView.swift */,
				3AAB07E12CA3DE6B00DAD977 /* MoodEntryView.swift */,
				3AAB07E32CA3DE8400DAD977 /* EntryDetailView..swift */,
				3AAB07E52CA3DE9C00DAD977 /* EntryListView.swift */,
				3AFDF5322CA480C10012EDA1 /* Color */,
			);
			path = Views;
			sourceTree = "<group>";
		};
		3AFDF5322CA480C10012EDA1 /* Color */ = {
			isa = PBXGroup;
			children = (
				3AFDF5302CA47F020012EDA1 /* ColorView.swift */,
				3AFDF5332CA480F30012EDA1 /* BackColor.swift */,
			);
			path = Color;
			sourceTree = "<group>";
		};
		960D84B42C9DABC800FB82F1 = {
			isa = PBXGroup;
			children = (
				960D84BF2C9DABC800FB82F1 /* Projekt01 */,
				960D84BE2C9DABC800FB82F1 /* Products */,
			);
			sourceTree = "<group>";
		};
		960D84BE2C9DABC800FB82F1 /* Products */ = {
			isa = PBXGroup;
			children = (
				960D84BD2C9DABC800FB82F1 /* Projekt01.app */,
			);
			name = Products;
			sourceTree = "<group>";
		};
		960D84BF2C9DABC800FB82F1 /* Projekt01 */ = {
			isa = PBXGroup;
			children = (
				3A7BCBCA2CA15B530078816F /* Assignment.md */,
				3A7BCBD22CA184E00078816F /* Tickets.md */,
				3A7BCBCB2CA1630F0078816F /* Models */,
				3AA466E52CA2B39000DD243C /* Views */,
				3A7BCBDF2CA199580078816F /* Comments */,
				960D84C22C9DABC800FB82F1 /* HomeView.swift */,
				960D84C02C9DABC800FB82F1 /* Projekt01App.swift */,
				960D84C42C9DABCA00FB82F1 /* Assets.xcassets */,
				960D84C62C9DABCA00FB82F1 /* Preview Content */,
			);
			path = Projekt01;
			sourceTree = "<group>";
		};
		960D84C62C9DABCA00FB82F1 /* Preview Content */ = {
			isa = PBXGroup;
			children = (
				960D84C72C9DABCA00FB82F1 /* Preview Assets.xcassets */,
			);
			path = "Preview Content";
			sourceTree = "<group>";
		};
/* End PBXGroup section */

/* Begin PBXNativeTarget section */
		960D84BC2C9DABC800FB82F1 /* Projekt01 */ = {
			isa = PBXNativeTarget;
			buildConfigurationList = 960D84CB2C9DABCA00FB82F1 /* Build configuration list for PBXNativeTarget "Projekt01" */;
			buildPhases = (
				960D84B92C9DABC800FB82F1 /* Sources */,
				960D84BA2C9DABC800FB82F1 /* Frameworks */,
				960D84BB2C9DABC800FB82F1 /* Resources */,
			);
			buildRules = (
			);
			dependencies = (
			);
			name = Projekt01;
			productName = Projekt01;
			productReference = 960D84BD2C9DABC800FB82F1 /* Projekt01.app */;
			productType = "com.apple.product-type.application";
		};
/* End PBXNativeTarget section */

/* Begin PBXProject section */
		960D84B52C9DABC800FB82F1 /* Project object */ = {
			isa = PBXProject;
			attributes = {
				BuildIndependentTargetsInParallel = 1;
				LastSwiftUpdateCheck = 1540;
				LastUpgradeCheck = 1540;
				TargetAttributes = {
					960D84BC2C9DABC800FB82F1 = {
						CreatedOnToolsVersion = 15.4;
					};
				};
			};
			buildConfigurationList = 960D84B82C9DABC800FB82F1 /* Build configuration list for PBXProject "Projekt01" */;
			compatibilityVersion = "Xcode 14.0";
			developmentRegion = en;
			hasScannedForEncodings = 0;
			knownRegions = (
				en,
				Base,
			);
			mainGroup = 960D84B42C9DABC800FB82F1;
			productRefGroup = 960D84BE2C9DABC800FB82F1 /* Products */;
			projectDirPath = "";
			projectRoot = "";
			targets = (
				960D84BC2C9DABC800FB82F1 /* Projekt01 */,
			);
		};
/* End PBXProject section */

/* Begin PBXResourcesBuildPhase section */
		960D84BB2C9DABC800FB82F1 /* Resources */ = {
			isa = PBXResourcesBuildPhase;
			buildActionMask = 2147483647;
			files = (
				960D84C82C9DABCA00FB82F1 /* Preview Assets.xcassets in Resources */,
				960D84C52C9DABCA00FB82F1 /* Assets.xcassets in Resources */,
			);
			runOnlyForDeploymentPostprocessing = 0;
		};
/* End PBXResourcesBuildPhase section */

/* Begin PBXSourcesBuildPhase section */
		960D84B92C9DABC800FB82F1 /* Sources */ = {
			isa = PBXSourcesBuildPhase;
			buildActionMask = 2147483647;
			files = (
				960D84C32C9DABC800FB82F1 /* HomeView.swift in Sources */,
				3A7BCBD82CA196350078816F /* LoginView.swift in Sources */,
				3AAB07E02CA3DE4500DAD977 /* SelectMoodFactorView.swift in Sources */,
				3A7BCBD12CA1727C0078816F /* MoodFactor.swift in Sources */,
				3AFDF5342CA480F30012EDA1 /* BackColor.swift in Sources */,
				3AAB07E42CA3DE8400DAD977 /* EntryDetailView..swift in Sources */,
				3A2939CD2CA2B518004E5B7F /* AddMoodEntryView.swift in Sources */,
				3AFDF5312CA47F020012EDA1 /* ColorView.swift in Sources */,
				3A7BCBDC2CA197480078816F /* SettingView.swift in Sources */,
				3AAB07E62CA3DE9C00DAD977 /* EntryListView.swift in Sources */,
				3A65CB382CA4632D00F36921 /* Emoji.swift in Sources */,
				3AC076202CA2D37900807FB0 /* SelectWeatherView.swift in Sources */,
				960D84C12C9DABC800FB82F1 /* Projekt01App.swift in Sources */,
				3AAB07E22CA3DE6B00DAD977 /* MoodEntryView.swift in Sources */,
				3A7BCBCD2CA1633A0078816F /* User.swift in Sources */,
				3A7BCBDE2CA1990D0078816F /* ProfilView.swift in Sources */,
				3A7BCBE12CA19AC70078816F /* MoodEntry.swift in Sources */,
				3A7BCBD42CA18C4C0078816F /* Weather.swift in Sources */,
				3A7BCBDA2CA197020078816F /* ImageSheetProfile.swift in Sources */,
			);
			runOnlyForDeploymentPostprocessing = 0;
		};
/* End PBXSourcesBuildPhase section */

/* Begin XCBuildConfiguration section */
		960D84C92C9DABCA00FB82F1 /* Debug */ = {
			isa = XCBuildConfiguration;
			buildSettings = {
				ALWAYS_SEARCH_USER_PATHS = NO;
				ASSETCATALOG_COMPILER_GENERATE_SWIFT_ASSET_SYMBOL_EXTENSIONS = YES;
				CLANG_ANALYZER_NONNULL = YES;
				CLANG_ANALYZER_NUMBER_OBJECT_CONVERSION = YES_AGGRESSIVE;
				CLANG_CXX_LANGUAGE_STANDARD = "gnu++20";
				CLANG_ENABLE_MODULES = YES;
				CLANG_ENABLE_OBJC_ARC = YES;
				CLANG_ENABLE_OBJC_WEAK = YES;
				CLANG_WARN_BLOCK_CAPTURE_AUTORELEASING = YES;
				CLANG_WARN_BOOL_CONVERSION = YES;
				CLANG_WARN_COMMA = YES;
				CLANG_WARN_CONSTANT_CONVERSION = YES;
				CLANG_WARN_DEPRECATED_OBJC_IMPLEMENTATIONS = YES;
				CLANG_WARN_DIRECT_OBJC_ISA_USAGE = YES_ERROR;
				CLANG_WARN_DOCUMENTATION_COMMENTS = YES;
				CLANG_WARN_EMPTY_BODY = YES;
				CLANG_WARN_ENUM_CONVERSION = YES;
				CLANG_WARN_INFINITE_RECURSION = YES;
				CLANG_WARN_INT_CONVERSION = YES;
				CLANG_WARN_NON_LITERAL_NULL_CONVERSION = YES;
				CLANG_WARN_OBJC_IMPLICIT_RETAIN_SELF = YES;
				CLANG_WARN_OBJC_LITERAL_CONVERSION = YES;
				CLANG_WARN_OBJC_ROOT_CLASS = YES_ERROR;
				CLANG_WARN_QUOTED_INCLUDE_IN_FRAMEWORK_HEADER = YES;
				CLANG_WARN_RANGE_LOOP_ANALYSIS = YES;
				CLANG_WARN_STRICT_PROTOTYPES = YES;
				CLANG_WARN_SUSPICIOUS_MOVE = YES;
				CLANG_WARN_UNGUARDED_AVAILABILITY = YES_AGGRESSIVE;
				CLANG_WARN_UNREACHABLE_CODE = YES;
				CLANG_WARN__DUPLICATE_METHOD_MATCH = YES;
				COPY_PHASE_STRIP = NO;
				DEBUG_INFORMATION_FORMAT = dwarf;
				ENABLE_STRICT_OBJC_MSGSEND = YES;
				ENABLE_TESTABILITY = YES;
				ENABLE_USER_SCRIPT_SANDBOXING = YES;
				GCC_C_LANGUAGE_STANDARD = gnu17;
				GCC_DYNAMIC_NO_PIC = NO;
				GCC_NO_COMMON_BLOCKS = YES;
				GCC_OPTIMIZATION_LEVEL = 0;
				GCC_PREPROCESSOR_DEFINITIONS = (
					"DEBUG=1",
					"$(inherited)",
				);
				GCC_WARN_64_TO_32_BIT_CONVERSION = YES;
				GCC_WARN_ABOUT_RETURN_TYPE = YES_ERROR;
				GCC_WARN_UNDECLARED_SELECTOR = YES;
				GCC_WARN_UNINITIALIZED_AUTOS = YES_AGGRESSIVE;
				GCC_WARN_UNUSED_FUNCTION = YES;
				GCC_WARN_UNUSED_VARIABLE = YES;
				IPHONEOS_DEPLOYMENT_TARGET = 17.5;
				LOCALIZATION_PREFERS_STRING_CATALOGS = YES;
				MTL_ENABLE_DEBUG_INFO = INCLUDE_SOURCE;
				MTL_FAST_MATH = YES;
				ONLY_ACTIVE_ARCH = YES;
				SDKROOT = iphoneos;
				SWIFT_ACTIVE_COMPILATION_CONDITIONS = "DEBUG $(inherited)";
				SWIFT_OPTIMIZATION_LEVEL = "-Onone";
			};
			name = Debug;
		};
		960D84CA2C9DABCA00FB82F1 /* Release */ = {
			isa = XCBuildConfiguration;
			buildSettings = {
				ALWAYS_SEARCH_USER_PATHS = NO;
				ASSETCATALOG_COMPILER_GENERATE_SWIFT_ASSET_SYMBOL_EXTENSIONS = YES;
				CLANG_ANALYZER_NONNULL = YES;
				CLANG_ANALYZER_NUMBER_OBJECT_CONVERSION = YES_AGGRESSIVE;
				CLANG_CXX_LANGUAGE_STANDARD = "gnu++20";
				CLANG_ENABLE_MODULES = YES;
				CLANG_ENABLE_OBJC_ARC = YES;
				CLANG_ENABLE_OBJC_WEAK = YES;
				CLANG_WARN_BLOCK_CAPTURE_AUTORELEASING = YES;
				CLANG_WARN_BOOL_CONVERSION = YES;
				CLANG_WARN_COMMA = YES;
				CLANG_WARN_CONSTANT_CONVERSION = YES;
				CLANG_WARN_DEPRECATED_OBJC_IMPLEMENTATIONS = YES;
				CLANG_WARN_DIRECT_OBJC_ISA_USAGE = YES_ERROR;
				CLANG_WARN_DOCUMENTATION_COMMENTS = YES;
				CLANG_WARN_EMPTY_BODY = YES;
				CLANG_WARN_ENUM_CONVERSION = YES;
				CLANG_WARN_INFINITE_RECURSION = YES;
				CLANG_WARN_INT_CONVERSION = YES;
				CLANG_WARN_NON_LITERAL_NULL_CONVERSION = YES;
				CLANG_WARN_OBJC_IMPLICIT_RETAIN_SELF = YES;
				CLANG_WARN_OBJC_LITERAL_CONVERSION = YES;
				CLANG_WARN_OBJC_ROOT_CLASS = YES_ERROR;
				CLANG_WARN_QUOTED_INCLUDE_IN_FRAMEWORK_HEADER = YES;
				CLANG_WARN_RANGE_LOOP_ANALYSIS = YES;
				CLANG_WARN_STRICT_PROTOTYPES = YES;
				CLANG_WARN_SUSPICIOUS_MOVE = YES;
				CLANG_WARN_UNGUARDED_AVAILABILITY = YES_AGGRESSIVE;
				CLANG_WARN_UNREACHABLE_CODE = YES;
				CLANG_WARN__DUPLICATE_METHOD_MATCH = YES;
				COPY_PHASE_STRIP = NO;
				DEBUG_INFORMATION_FORMAT = "dwarf-with-dsym";
				ENABLE_NS_ASSERTIONS = NO;
				ENABLE_STRICT_OBJC_MSGSEND = YES;
				ENABLE_USER_SCRIPT_SANDBOXING = YES;
				GCC_C_LANGUAGE_STANDARD = gnu17;
				GCC_NO_COMMON_BLOCKS = YES;
				GCC_WARN_64_TO_32_BIT_CONVERSION = YES;
				GCC_WARN_ABOUT_RETURN_TYPE = YES_ERROR;
				GCC_WARN_UNDECLARED_SELECTOR = YES;
				GCC_WARN_UNINITIALIZED_AUTOS = YES_AGGRESSIVE;
				GCC_WARN_UNUSED_FUNCTION = YES;
				GCC_WARN_UNUSED_VARIABLE = YES;
				IPHONEOS_DEPLOYMENT_TARGET = 17.5;
				LOCALIZATION_PREFERS_STRING_CATALOGS = YES;
				MTL_ENABLE_DEBUG_INFO = NO;
				MTL_FAST_MATH = YES;
				SDKROOT = iphoneos;
				SWIFT_COMPILATION_MODE = wholemodule;
				VALIDATE_PRODUCT = YES;
			};
			name = Release;
		};
		960D84CC2C9DABCA00FB82F1 /* Debug */ = {
			isa = XCBuildConfiguration;
			buildSettings = {
				ASSETCATALOG_COMPILER_APPICON_NAME = AppIcon;
				ASSETCATALOG_COMPILER_GLOBAL_ACCENT_COLOR_NAME = AccentColor;
				CODE_SIGN_STYLE = Automatic;
				CURRENT_PROJECT_VERSION = 1;
				DEVELOPMENT_ASSET_PATHS = "\"Projekt01/Preview Content\"";
				DEVELOPMENT_TEAM = 6LUK6F856C;
				ENABLE_PREVIEWS = YES;
				GENERATE_INFOPLIST_FILE = YES;
				INFOPLIST_KEY_UIApplicationSceneManifest_Generation = YES;
				INFOPLIST_KEY_UIApplicationSupportsIndirectInputEvents = YES;
				INFOPLIST_KEY_UILaunchScreen_Generation = YES;
				INFOPLIST_KEY_UISupportedInterfaceOrientations_iPad = "UIInterfaceOrientationPortrait UIInterfaceOrientationPortraitUpsideDown UIInterfaceOrientationLandscapeLeft UIInterfaceOrientationLandscapeRight";
				INFOPLIST_KEY_UISupportedInterfaceOrientations_iPhone = "UIInterfaceOrientationPortrait UIInterfaceOrientationLandscapeLeft UIInterfaceOrientationLandscapeRight";
				LD_RUNPATH_SEARCH_PATHS = (
					"$(inherited)",
					"@executable_path/Frameworks",
				);
				MARKETING_VERSION = 1.0;
				PRODUCT_BUNDLE_IDENTIFIER = de.syntaxinstitut.Projekt01;
				PRODUCT_NAME = "$(TARGET_NAME)";
				SWIFT_EMIT_LOC_STRINGS = YES;
				SWIFT_VERSION = 5.0;
				TARGETED_DEVICE_FAMILY = "1,2";
			};
			name = Debug;
		};
		960D84CD2C9DABCA00FB82F1 /* Release */ = {
			isa = XCBuildConfiguration;
			buildSettings = {
				ASSETCATALOG_COMPILER_APPICON_NAME = AppIcon;
				ASSETCATALOG_COMPILER_GLOBAL_ACCENT_COLOR_NAME = AccentColor;
				CODE_SIGN_STYLE = Automatic;
				CURRENT_PROJECT_VERSION = 1;
				DEVELOPMENT_ASSET_PATHS = "\"Projekt01/Preview Content\"";
				DEVELOPMENT_TEAM = 6LUK6F856C;
				ENABLE_PREVIEWS = YES;
				GENERATE_INFOPLIST_FILE = YES;
				INFOPLIST_KEY_UIApplicationSceneManifest_Generation = YES;
				INFOPLIST_KEY_UIApplicationSupportsIndirectInputEvents = YES;
				INFOPLIST_KEY_UILaunchScreen_Generation = YES;
				INFOPLIST_KEY_UISupportedInterfaceOrientations_iPad = "UIInterfaceOrientationPortrait UIInterfaceOrientationPortraitUpsideDown UIInterfaceOrientationLandscapeLeft UIInterfaceOrientationLandscapeRight";
				INFOPLIST_KEY_UISupportedInterfaceOrientations_iPhone = "UIInterfaceOrientationPortrait UIInterfaceOrientationLandscapeLeft UIInterfaceOrientationLandscapeRight";
				LD_RUNPATH_SEARCH_PATHS = (
					"$(inherited)",
					"@executable_path/Frameworks",
				);
				MARKETING_VERSION = 1.0;
				PRODUCT_BUNDLE_IDENTIFIER = de.syntaxinstitut.Projekt01;
				PRODUCT_NAME = "$(TARGET_NAME)";
				SWIFT_EMIT_LOC_STRINGS = YES;
				SWIFT_VERSION = 5.0;
				TARGETED_DEVICE_FAMILY = "1,2";
			};
			name = Release;
		};
/* End XCBuildConfiguration section */

/* Begin XCConfigurationList section */
		960D84B82C9DABC800FB82F1 /* Build configuration list for PBXProject "Projekt01" */ = {
			isa = XCConfigurationList;
			buildConfigurations = (
				960D84C92C9DABCA00FB82F1 /* Debug */,
				960D84CA2C9DABCA00FB82F1 /* Release */,
			);
			defaultConfigurationIsVisible = 0;
			defaultConfigurationName = Release;
		};
		960D84CB2C9DABCA00FB82F1 /* Build configuration list for PBXNativeTarget "Projekt01" */ = {
			isa = XCConfigurationList;
			buildConfigurations = (
				960D84CC2C9DABCA00FB82F1 /* Debug */,
				960D84CD2C9DABCA00FB82F1 /* Release */,
			);
			defaultConfigurationIsVisible = 0;
			defaultConfigurationName = Release;
		};
/* End XCConfigurationList section */
	};
	rootObject = 960D84B52C9DABC800FB82F1 /* Project object */;
}
